// !$*UTF8*$!
{
	archiveVersion = 1;
	classes = {
	};
	objectVersion = 50;
	objects = {

/* Begin PBXBuildFile section */
		2A13AED2252D202800F13385 /* CloudKit.framework in Frameworks */ = {isa = PBXBuildFile; fileRef = 2A13AED1252D202800F13385 /* CloudKit.framework */; };
		2A13AED8252D280400F13385 /* Post.swift in Sources */ = {isa = PBXBuildFile; fileRef = 2A13AED7252D280400F13385 /* Post.swift */; };
		2A13AEE1252D43E400F13385 /* PostController.swift in Sources */ = {isa = PBXBuildFile; fileRef = 2A13AEE0252D43E400F13385 /* PostController.swift */; };
		2A13AEE5252D44CA00F13385 /* PostError.swift in Sources */ = {isa = PBXBuildFile; fileRef = 2A13AEE4252D44CA00F13385 /* PostError.swift */; };
		2A78DA09252D184F0067CB6E /* AppDelegate.swift in Sources */ = {isa = PBXBuildFile; fileRef = 2A78DA08252D184F0067CB6E /* AppDelegate.swift */; };
		2A78DA0B252D184F0067CB6E /* SceneDelegate.swift in Sources */ = {isa = PBXBuildFile; fileRef = 2A78DA0A252D184F0067CB6E /* SceneDelegate.swift */; };
		2A78DA10252D184F0067CB6E /* Main.storyboard in Resources */ = {isa = PBXBuildFile; fileRef = 2A78DA0E252D184F0067CB6E /* Main.storyboard */; };
		2A78DA12252D18510067CB6E /* Assets.xcassets in Resources */ = {isa = PBXBuildFile; fileRef = 2A78DA11252D18510067CB6E /* Assets.xcassets */; };
		2A78DA15252D18510067CB6E /* LaunchScreen.storyboard in Resources */ = {isa = PBXBuildFile; fileRef = 2A78DA13252D18510067CB6E /* LaunchScreen.storyboard */; };
/* End PBXBuildFile section */

/* Begin PBXFileReference section */
		2A13AECF252D202300F13385 /* YikYakMASTER.entitlements */ = {isa = PBXFileReference; lastKnownFileType = text.plist.entitlements; path = YikYakMASTER.entitlements; sourceTree = "<group>"; };
		2A13AED1252D202800F13385 /* CloudKit.framework */ = {isa = PBXFileReference; lastKnownFileType = wrapper.framework; name = CloudKit.framework; path = System/Library/Frameworks/CloudKit.framework; sourceTree = SDKROOT; };
		2A13AED7252D280400F13385 /* Post.swift */ = {isa = PBXFileReference; lastKnownFileType = sourcecode.swift; path = Post.swift; sourceTree = "<group>"; };
		2A13AEE0252D43E400F13385 /* PostController.swift */ = {isa = PBXFileReference; lastKnownFileType = sourcecode.swift; path = PostController.swift; sourceTree = "<group>"; };
		2A13AEE4252D44CA00F13385 /* PostError.swift */ = {isa = PBXFileReference; lastKnownFileType = sourcecode.swift; path = PostError.swift; sourceTree = "<group>"; };
		2A78DA05252D184F0067CB6E /* YikYakMASTER.app */ = {isa = PBXFileReference; explicitFileType = wrapper.application; includeInIndex = 0; path = YikYakMASTER.app; sourceTree = BUILT_PRODUCTS_DIR; };
		2A78DA08252D184F0067CB6E /* AppDelegate.swift */ = {isa = PBXFileReference; lastKnownFileType = sourcecode.swift; path = AppDelegate.swift; sourceTree = "<group>"; };
		2A78DA0A252D184F0067CB6E /* SceneDelegate.swift */ = {isa = PBXFileReference; lastKnownFileType = sourcecode.swift; path = SceneDelegate.swift; sourceTree = "<group>"; };
		2A78DA0F252D184F0067CB6E /* Base */ = {isa = PBXFileReference; lastKnownFileType = file.storyboard; name = Base; path = Base.lproj/Main.storyboard; sourceTree = "<group>"; };
		2A78DA11252D18510067CB6E /* Assets.xcassets */ = {isa = PBXFileReference; lastKnownFileType = folder.assetcatalog; path = Assets.xcassets; sourceTree = "<group>"; };
		2A78DA14252D18510067CB6E /* Base */ = {isa = PBXFileReference; lastKnownFileType = file.storyboard; name = Base; path = Base.lproj/LaunchScreen.storyboard; sourceTree = "<group>"; };
		2A78DA16252D18510067CB6E /* Info.plist */ = {isa = PBXFileReference; lastKnownFileType = text.plist.xml; path = Info.plist; sourceTree = "<group>"; };
/* End PBXFileReference section */

/* Begin PBXFrameworksBuildPhase section */
		2A78DA02252D184F0067CB6E /* Frameworks */ = {
			isa = PBXFrameworksBuildPhase;
			buildActionMask = 2147483647;
			files = (
				2A13AED2252D202800F13385 /* CloudKit.framework in Frameworks */,
			);
			runOnlyForDeploymentPostprocessing = 0;
		};
/* End PBXFrameworksBuildPhase section */

/* Begin PBXGroup section */
		2A0A777A252D1E4A005900BF /* Resources */ = {
			isa = PBXGroup;
			children = (
				2A78DA08252D184F0067CB6E /* AppDelegate.swift */,
				2A78DA0A252D184F0067CB6E /* SceneDelegate.swift */,
				2A78DA11252D18510067CB6E /* Assets.xcassets */,
				2A78DA13252D18510067CB6E /* LaunchScreen.storyboard */,
				2A78DA16252D18510067CB6E /* Info.plist */,
			);
			path = Resources;
			sourceTree = "<group>";
		};
		2A13AECC252D1FC800F13385 /* Views */ = {
			isa = PBXGroup;
			children = (
				2A13AECD252D1FCC00F13385 /* Storyboards */,
			);
			path = Views;
			sourceTree = "<group>";
		};
		2A13AECD252D1FCC00F13385 /* Storyboards */ = {
			isa = PBXGroup;
			children = (
				2A78DA0E252D184F0067CB6E /* Main.storyboard */,
			);
			path = Storyboards;
			sourceTree = "<group>";
		};
		2A13AED0252D202800F13385 /* Frameworks */ = {
			isa = PBXGroup;
			children = (
				2A13AED1252D202800F13385 /* CloudKit.framework */,
			);
			name = Frameworks;
			sourceTree = "<group>";
		};
		2A13AED6252D27C100F13385 /* Models */ = {
			isa = PBXGroup;
			children = (
				2A13AED7252D280400F13385 /* Post.swift */,
			);
			path = Models;
			sourceTree = "<group>";
		};
		2A13AEDD252D431F00F13385 /* Controllers */ = {
			isa = PBXGroup;
			children = (
				2A13AEDF252D432C00F13385 /* ModelControllers */,
				2A13AEDE252D432500F13385 /* ViewControllers */,
			);
			path = Controllers;
			sourceTree = "<group>";
		};
		2A13AEDE252D432500F13385 /* ViewControllers */ = {
			isa = PBXGroup;
			children = (
			);
			path = ViewControllers;
			sourceTree = "<group>";
		};
		2A13AEDF252D432C00F13385 /* ModelControllers */ = {
			isa = PBXGroup;
			children = (
				2A13AEE0252D43E400F13385 /* PostController.swift */,
			);
			path = ModelControllers;
			sourceTree = "<group>";
		};
		2A13AEE3252D44B100F13385 /* HelpersAndExtensions */ = {
			isa = PBXGroup;
			children = (
				2A13AEE4252D44CA00F13385 /* PostError.swift */,
			);
			path = HelpersAndExtensions;
			sourceTree = "<group>";
		};
		2A78D9FC252D184F0067CB6E = {
			isa = PBXGroup;
			children = (
				2A78DA07252D184F0067CB6E /* YikYakMASTER */,
				2A78DA06252D184F0067CB6E /* Products */,
				2A13AED0252D202800F13385 /* Frameworks */,
			);
			sourceTree = "<group>";
		};
		2A78DA06252D184F0067CB6E /* Products */ = {
			isa = PBXGroup;
			children = (
				2A78DA05252D184F0067CB6E /* YikYakMASTER.app */,
			);
			name = Products;
			sourceTree = "<group>";
		};
		2A78DA07252D184F0067CB6E /* YikYakMASTER */ = {
			isa = PBXGroup;
			children = (
				2A13AEE3252D44B100F13385 /* HelpersAndExtensions */,
				2A13AECF252D202300F13385 /* YikYakMASTER.entitlements */,
				2A13AED6252D27C100F13385 /* Models */,
				2A13AECC252D1FC800F13385 /* Views */,
				2A13AEDD252D431F00F13385 /* Controllers */,
				2A0A777A252D1E4A005900BF /* Resources */,
			);
			path = YikYakMASTER;
			sourceTree = "<group>";
		};
/* End PBXGroup section */

/* Begin PBXNativeTarget section */
		2A78DA04252D184F0067CB6E /* YikYakMASTER */ = {
			isa = PBXNativeTarget;
			buildConfigurationList = 2A78DA19252D18510067CB6E /* Build configuration list for PBXNativeTarget "YikYakMASTER" */;
			buildPhases = (
				2A78DA01252D184F0067CB6E /* Sources */,
				2A78DA02252D184F0067CB6E /* Frameworks */,
				2A78DA03252D184F0067CB6E /* Resources */,
			);
			buildRules = (
			);
			dependencies = (
			);
			name = YikYakMASTER;
			productName = YikYakMASTER;
			productReference = 2A78DA05252D184F0067CB6E /* YikYakMASTER.app */;
			productType = "com.apple.product-type.application";
		};
/* End PBXNativeTarget section */

/* Begin PBXProject section */
		2A78D9FD252D184F0067CB6E /* Project object */ = {
			isa = PBXProject;
			attributes = {
				LastSwiftUpdateCheck = 1200;
				LastUpgradeCheck = 1200;
				TargetAttributes = {
					2A78DA04252D184F0067CB6E = {
						CreatedOnToolsVersion = 12.0.1;
					};
				};
			};
			buildConfigurationList = 2A78DA00252D184F0067CB6E /* Build configuration list for PBXProject "YikYakMASTER" */;
			compatibilityVersion = "Xcode 9.3";
			developmentRegion = en;
			hasScannedForEncodings = 0;
			knownRegions = (
				en,
				Base,
			);
			mainGroup = 2A78D9FC252D184F0067CB6E;
			productRefGroup = 2A78DA06252D184F0067CB6E /* Products */;
			projectDirPath = "";
			projectRoot = "";
			targets = (
				2A78DA04252D184F0067CB6E /* YikYakMASTER */,
			);
		};
/* End PBXProject section */

/* Begin PBXResourcesBuildPhase section */
		2A78DA03252D184F0067CB6E /* Resources */ = {
			isa = PBXResourcesBuildPhase;
			buildActionMask = 2147483647;
			files = (
				2A78DA15252D18510067CB6E /* LaunchScreen.storyboard in Resources */,
				2A78DA12252D18510067CB6E /* Assets.xcassets in Resources */,
				2A78DA10252D184F0067CB6E /* Main.storyboard in Resources */,
			);
			runOnlyForDeploymentPostprocessing = 0;
		};
/* End PBXResourcesBuildPhase section */

/* Begin PBXSourcesBuildPhase section */
		2A78DA01252D184F0067CB6E /* Sources */ = {
			isa = PBXSourcesBuildPhase;
			buildActionMask = 2147483647;
			files = (
				2A13AEE5252D44CA00F13385 /* PostError.swift in Sources */,
				2A13AED8252D280400F13385 /* Post.swift in Sources */,
				2A13AEE1252D43E400F13385 /* PostController.swift in Sources */,
				2A78DA09252D184F0067CB6E /* AppDelegate.swift in Sources */,
				2A78DA0B252D184F0067CB6E /* SceneDelegate.swift in Sources */,
			);
			runOnlyForDeploymentPostprocessing = 0;
		};
/* End PBXSourcesBuildPhase section */

/* Begin PBXVariantGroup section */
		2A78DA0E252D184F0067CB6E /* Main.storyboard */ = {
			isa = PBXVariantGroup;
			children = (
				2A78DA0F252D184F0067CB6E /* Base */,
			);
			name = Main.storyboard;
			sourceTree = "<group>";
		};
		2A78DA13252D18510067CB6E /* LaunchScreen.storyboard */ = {
			isa = PBXVariantGroup;
			children = (
				2A78DA14252D18510067CB6E /* Base */,
			);
			name = LaunchScreen.storyboard;
			sourceTree = "<group>";
		};
/* End PBXVariantGroup section */

/* Begin XCBuildConfiguration section */
		2A78DA17252D18510067CB6E /* Debug */ = {
			isa = XCBuildConfiguration;
			buildSettings = {
				ALWAYS_SEARCH_USER_PATHS = NO;
				CLANG_ANALYZER_NONNULL = YES;
				CLANG_ANALYZER_NUMBER_OBJECT_CONVERSION = YES_AGGRESSIVE;
				CLANG_CXX_LANGUAGE_STANDARD = "gnu++14";
				CLANG_CXX_LIBRARY = "libc++";
				CLANG_ENABLE_MODULES = YES;
				CLANG_ENABLE_OBJC_ARC = YES;
				CLANG_ENABLE_OBJC_WEAK = YES;
				CLANG_WARN_BLOCK_CAPTURE_AUTORELEASING = YES;
				CLANG_WARN_BOOL_CONVERSION = YES;
				CLANG_WARN_COMMA = YES;
				CLANG_WARN_CONSTANT_CONVERSION = YES;
				CLANG_WARN_DEPRECATED_OBJC_IMPLEMENTATIONS = YES;
				CLANG_WARN_DIRECT_OBJC_ISA_USAGE = YES_ERROR;
				CLANG_WARN_DOCUMENTATION_COMMENTS = YES;
				CLANG_WARN_EMPTY_BODY = YES;
				CLANG_WARN_ENUM_CONVERSION = YES;
				CLANG_WARN_INFINITE_RECURSION = YES;
				CLANG_WARN_INT_CONVERSION = YES;
				CLANG_WARN_NON_LITERAL_NULL_CONVERSION = YES;
				CLANG_WARN_OBJC_IMPLICIT_RETAIN_SELF = YES;
				CLANG_WARN_OBJC_LITERAL_CONVERSION = YES;
				CLANG_WARN_OBJC_ROOT_CLASS = YES_ERROR;
				CLANG_WARN_QUOTED_INCLUDE_IN_FRAMEWORK_HEADER = YES;
				CLANG_WARN_RANGE_LOOP_ANALYSIS = YES;
				CLANG_WARN_STRICT_PROTOTYPES = YES;
				CLANG_WARN_SUSPICIOUS_MOVE = YES;
				CLANG_WARN_UNGUARDED_AVAILABILITY = YES_AGGRESSIVE;
				CLANG_WARN_UNREACHABLE_CODE = YES;
				CLANG_WARN__DUPLICATE_METHOD_MATCH = YES;
				COPY_PHASE_STRIP = NO;
				DEBUG_INFORMATION_FORMAT = dwarf;
				ENABLE_STRICT_OBJC_MSGSEND = YES;
				ENABLE_TESTABILITY = YES;
				GCC_C_LANGUAGE_STANDARD = gnu11;
				GCC_DYNAMIC_NO_PIC = NO;
				GCC_NO_COMMON_BLOCKS = YES;
				GCC_OPTIMIZATION_LEVEL = 0;
				GCC_PREPROCESSOR_DEFINITIONS = (
					"DEBUG=1",
					"$(inherited)",
				);
				GCC_WARN_64_TO_32_BIT_CONVERSION = YES;
				GCC_WARN_ABOUT_RETURN_TYPE = YES_ERROR;
				GCC_WARN_UNDECLARED_SELECTOR = YES;
				GCC_WARN_UNINITIALIZED_AUTOS = YES_AGGRESSIVE;
				GCC_WARN_UNUSED_FUNCTION = YES;
				GCC_WARN_UNUSED_VARIABLE = YES;
				IPHONEOS_DEPLOYMENT_TARGET = 14.0;
				MTL_ENABLE_DEBUG_INFO = INCLUDE_SOURCE;
				MTL_FAST_MATH = YES;
				ONLY_ACTIVE_ARCH = YES;
				SDKROOT = iphoneos;
				SWIFT_ACTIVE_COMPILATION_CONDITIONS = DEBUG;
				SWIFT_OPTIMIZATION_LEVEL = "-Onone";
			};
			name = Debug;
		};
		2A78DA18252D18510067CB6E /* Release */ = {
			isa = XCBuildConfiguration;
			buildSettings = {
				ALWAYS_SEARCH_USER_PATHS = NO;
				CLANG_ANALYZER_NONNULL = YES;
				CLANG_ANALYZER_NUMBER_OBJECT_CONVERSION = YES_AGGRESSIVE;
				CLANG_CXX_LANGUAGE_STANDARD = "gnu++14";
				CLANG_CXX_LIBRARY = "libc++";
				CLANG_ENABLE_MODULES = YES;
				CLANG_ENABLE_OBJC_ARC = YES;
				CLANG_ENABLE_OBJC_WEAK = YES;
				CLANG_WARN_BLOCK_CAPTURE_AUTORELEASING = YES;
				CLANG_WARN_BOOL_CONVERSION = YES;
				CLANG_WARN_COMMA = YES;
				CLANG_WARN_CONSTANT_CONVERSION = YES;
				CLANG_WARN_DEPRECATED_OBJC_IMPLEMENTATIONS = YES;
				CLANG_WARN_DIRECT_OBJC_ISA_USAGE = YES_ERROR;
				CLANG_WARN_DOCUMENTATION_COMMENTS = YES;
				CLANG_WARN_EMPTY_BODY = YES;
				CLANG_WARN_ENUM_CONVERSION = YES;
				CLANG_WARN_INFINITE_RECURSION = YES;
				CLANG_WARN_INT_CONVERSION = YES;
				CLANG_WARN_NON_LITERAL_NULL_CONVERSION = YES;
				CLANG_WARN_OBJC_IMPLICIT_RETAIN_SELF = YES;
				CLANG_WARN_OBJC_LITERAL_CONVERSION = YES;
				CLANG_WARN_OBJC_ROOT_CLASS = YES_ERROR;
				CLANG_WARN_QUOTED_INCLUDE_IN_FRAMEWORK_HEADER = YES;
				CLANG_WARN_RANGE_LOOP_ANALYSIS = YES;
				CLANG_WARN_STRICT_PROTOTYPES = YES;
				CLANG_WARN_SUSPICIOUS_MOVE = YES;
				CLANG_WARN_UNGUARDED_AVAILABILITY = YES_AGGRESSIVE;
				CLANG_WARN_UNREACHABLE_CODE = YES;
				CLANG_WARN__DUPLICATE_METHOD_MATCH = YES;
				COPY_PHASE_STRIP = NO;
				DEBUG_INFORMATION_FORMAT = "dwarf-with-dsym";
				ENABLE_NS_ASSERTIONS = NO;
				ENABLE_STRICT_OBJC_MSGSEND = YES;
				GCC_C_LANGUAGE_STANDARD = gnu11;
				GCC_NO_COMMON_BLOCKS = YES;
				GCC_WARN_64_TO_32_BIT_CONVERSION = YES;
				GCC_WARN_ABOUT_RETURN_TYPE = YES_ERROR;
				GCC_WARN_UNDECLARED_SELECTOR = YES;
				GCC_WARN_UNINITIALIZED_AUTOS = YES_AGGRESSIVE;
				GCC_WARN_UNUSED_FUNCTION = YES;
				GCC_WARN_UNUSED_VARIABLE = YES;
				IPHONEOS_DEPLOYMENT_TARGET = 14.0;
				MTL_ENABLE_DEBUG_INFO = NO;
				MTL_FAST_MATH = YES;
				SDKROOT = iphoneos;
				SWIFT_COMPILATION_MODE = wholemodule;
				SWIFT_OPTIMIZATION_LEVEL = "-O";
				VALIDATE_PRODUCT = YES;
			};
			name = Release;
		};
		2A78DA1A252D18510067CB6E /* Debug */ = {
			isa = XCBuildConfiguration;
			buildSettings = {
				ASSETCATALOG_COMPILER_APPICON_NAME = AppIcon;
				ASSETCATALOG_COMPILER_GLOBAL_ACCENT_COLOR_NAME = AccentColor;
				CODE_SIGN_ENTITLEMENTS = YikYakMASTER/YikYakMASTER.entitlements;
				CODE_SIGN_STYLE = Automatic;
				DEVELOPMENT_TEAM = G359J97949;
				INFOPLIST_FILE = "$(SRCROOT)/YikYakMASTER/Resources/Info.plist";
				LD_RUNPATH_SEARCH_PATHS = (
					"$(inherited)",
					"@executable_path/Frameworks",
				);
				PRODUCT_BUNDLE_IDENTIFIER = com.austingoetz.dvmtn.YikYakMASTER;
				PRODUCT_NAME = "$(TARGET_NAME)";
				SWIFT_VERSION = 5.0;
				TARGETED_DEVICE_FAMILY = "1,2";
			};
			name = Debug;
		};
		2A78DA1B252D18510067CB6E /* Release */ = {
			isa = XCBuildConfiguration;
			buildSettings = {
				ASSETCATALOG_COMPILER_APPICON_NAME = AppIcon;
				ASSETCATALOG_COMPILER_GLOBAL_ACCENT_COLOR_NAME = AccentColor;
				CODE_SIGN_ENTITLEMENTS = YikYakMASTER/YikYakMASTER.entitlements;
				CODE_SIGN_STYLE = Automatic;
				DEVELOPMENT_TEAM = G359J97949;
				INFOPLIST_FILE = "$(SRCROOT)/YikYakMASTER/Resources/Info.plist";
				LD_RUNPATH_SEARCH_PATHS = (
					"$(inherited)",
					"@executable_path/Frameworks",
				);
				PRODUCT_BUNDLE_IDENTIFIER = com.austingoetz.dvmtn.YikYakMASTER;
				PRODUCT_NAME = "$(TARGET_NAME)";
				SWIFT_VERSION = 5.0;
				TARGETED_DEVICE_FAMILY = "1,2";
			};
			name = Release;
		};
/* End XCBuildConfiguration section */

/* Begin XCConfigurationList section */
		2A78DA00252D184F0067CB6E /* Build configuration list for PBXProject "YikYakMASTER" */ = {
			isa = XCConfigurationList;
			buildConfigurations = (
				2A78DA17252D18510067CB6E /* Debug */,
				2A78DA18252D18510067CB6E /* Release */,
			);
			defaultConfigurationIsVisible = 0;
			defaultConfigurationName = Release;
		};
		2A78DA19252D18510067CB6E /* Build configuration list for PBXNativeTarget "YikYakMASTER" */ = {
			isa = XCConfigurationList;
			buildConfigurations = (
				2A78DA1A252D18510067CB6E /* Debug */,
				2A78DA1B252D18510067CB6E /* Release */,
			);
			defaultConfigurationIsVisible = 0;
			defaultConfigurationName = Release;
		};
/* End XCConfigurationList section */
	};
	rootObject = 2A78D9FD252D184F0067CB6E /* Project object */;
}
